
Microsoft Visual Studio Solution File, Format Version 12.00
# Visual Studio Version 16
VisualStudioVersion = 16.0.30621.155
MinimumVisualStudioVersion = 10.0.40219.1
Project("{888888A0-9F3D-457C-B088-3A5042F75D52}") = "proto", "proto\proto.pyproj", "{4C31229F-6A91-4FB7-BF08-4B65E153321A}"
EndProject
Global
	GlobalSection(SolutionConfigurationPlatforms) = preSolution
		Debug|Any CPU = Debug|Any CPU
		Release|Any CPU = Release|Any CPU
	EndGlobalSection
	GlobalSection(ProjectConfigurationPlatforms) = postSolution
		{4C31229F-6A91-4FB7-BF08-4B65E153321A}.Debug|Any CPU.ActiveCfg = Debug|Any CPU
		{4C31229F-6A91-4FB7-BF08-4B65E153321A}.Release|Any CPU.ActiveCfg = Release|Any CPU
	EndGlobalSection
	GlobalSection(SolutionProperties) = preSolution
		HideSolutionNode = FALSE
	EndGlobalSection
	GlobalSection(ExtensibilityGlobals) = postSolution
		SolutionGuid = {8CD60B69-5FEA-4F20-96A1-C05C92683DEC}
	EndGlobalSection
EndGlobal
